// !$*UTF8*$!
{
	archiveVersion = 1;
	classes = {
	};
	objectVersion = 50;
	objects = {

/* Begin PBXBuildFile section */
		7018853D25A46E22005E5BE8 /* FeedlyClient.swift in Sources */ = {isa = PBXBuildFile; fileRef = 7018853C25A46E22005E5BE8 /* FeedlyClient.swift */; };
		70D4837F25A46C2F00FC49C6 /* AppDelegate.swift in Sources */ = {isa = PBXBuildFile; fileRef = 70D4837E25A46C2F00FC49C6 /* AppDelegate.swift */; };
		70D4838125A46C2F00FC49C6 /* SceneDelegate.swift in Sources */ = {isa = PBXBuildFile; fileRef = 70D4838025A46C2F00FC49C6 /* SceneDelegate.swift */; };
		70D4838325A46C2F00FC49C6 /* ViewController.swift in Sources */ = {isa = PBXBuildFile; fileRef = 70D4838225A46C2F00FC49C6 /* ViewController.swift */; };
		70D4838625A46C2F00FC49C6 /* Main.storyboard in Resources */ = {isa = PBXBuildFile; fileRef = 70D4838425A46C2F00FC49C6 /* Main.storyboard */; };
		70D4838825A46C3000FC49C6 /* Assets.xcassets in Resources */ = {isa = PBXBuildFile; fileRef = 70D4838725A46C3000FC49C6 /* Assets.xcassets */; };
		70D4838B25A46C3000FC49C6 /* LaunchScreen.storyboard in Resources */ = {isa = PBXBuildFile; fileRef = 70D4838925A46C3000FC49C6 /* LaunchScreen.storyboard */; };
		70D4839625A46C3000FC49C6 /* FeedlyAppTests.swift in Sources */ = {isa = PBXBuildFile; fileRef = 70D4839525A46C3000FC49C6 /* FeedlyAppTests.swift */; };
		70D483A125A46C3000FC49C6 /* FeedlyAppUITests.swift in Sources */ = {isa = PBXBuildFile; fileRef = 70D483A025A46C3000FC49C6 /* FeedlyAppUITests.swift */; };
/* End PBXBuildFile section */

/* Begin PBXContainerItemProxy section */
		70D4839225A46C3000FC49C6 /* PBXContainerItemProxy */ = {
			isa = PBXContainerItemProxy;
			containerPortal = 70D4837325A46C2F00FC49C6 /* Project object */;
			proxyType = 1;
			remoteGlobalIDString = 70D4837A25A46C2F00FC49C6;
			remoteInfo = FeedlyApp;
		};
		70D4839D25A46C3000FC49C6 /* PBXContainerItemProxy */ = {
			isa = PBXContainerItemProxy;
			containerPortal = 70D4837325A46C2F00FC49C6 /* Project object */;
			proxyType = 1;
			remoteGlobalIDString = 70D4837A25A46C2F00FC49C6;
			remoteInfo = FeedlyApp;
		};
/* End PBXContainerItemProxy section */

/* Begin PBXFileReference section */
		7018853C25A46E22005E5BE8 /* FeedlyClient.swift */ = {isa = PBXFileReference; lastKnownFileType = sourcecode.swift; path = FeedlyClient.swift; sourceTree = "<group>"; };
		70D4837B25A46C2F00FC49C6 /* FeedlyApp.app */ = {isa = PBXFileReference; explicitFileType = wrapper.application; includeInIndex = 0; path = FeedlyApp.app; sourceTree = BUILT_PRODUCTS_DIR; };
		70D4837E25A46C2F00FC49C6 /* AppDelegate.swift */ = {isa = PBXFileReference; lastKnownFileType = sourcecode.swift; path = AppDelegate.swift; sourceTree = "<group>"; };
		70D4838025A46C2F00FC49C6 /* SceneDelegate.swift */ = {isa = PBXFileReference; lastKnownFileType = sourcecode.swift; path = SceneDelegate.swift; sourceTree = "<group>"; };
		70D4838225A46C2F00FC49C6 /* ViewController.swift */ = {isa = PBXFileReference; lastKnownFileType = sourcecode.swift; path = ViewController.swift; sourceTree = "<group>"; };
		70D4838525A46C2F00FC49C6 /* Base */ = {isa = PBXFileReference; lastKnownFileType = file.storyboard; name = Base; path = Base.lproj/Main.storyboard; sourceTree = "<group>"; };
		70D4838725A46C3000FC49C6 /* Assets.xcassets */ = {isa = PBXFileReference; lastKnownFileType = folder.assetcatalog; path = Assets.xcassets; sourceTree = "<group>"; };
		70D4838A25A46C3000FC49C6 /* Base */ = {isa = PBXFileReference; lastKnownFileType = file.storyboard; name = Base; path = Base.lproj/LaunchScreen.storyboard; sourceTree = "<group>"; };
		70D4838C25A46C3000FC49C6 /* Info.plist */ = {isa = PBXFileReference; lastKnownFileType = text.plist.xml; path = Info.plist; sourceTree = "<group>"; };
		70D4839125A46C3000FC49C6 /* FeedlyAppTests.xctest */ = {isa = PBXFileReference; explicitFileType = wrapper.cfbundle; includeInIndex = 0; path = FeedlyAppTests.xctest; sourceTree = BUILT_PRODUCTS_DIR; };
		70D4839525A46C3000FC49C6 /* FeedlyAppTests.swift */ = {isa = PBXFileReference; lastKnownFileType = sourcecode.swift; path = FeedlyAppTests.swift; sourceTree = "<group>"; };
		70D4839725A46C3000FC49C6 /* Info.plist */ = {isa = PBXFileReference; lastKnownFileType = text.plist.xml; path = Info.plist; sourceTree = "<group>"; };
		70D4839C25A46C3000FC49C6 /* FeedlyAppUITests.xctest */ = {isa = PBXFileReference; explicitFileType = wrapper.cfbundle; includeInIndex = 0; path = FeedlyAppUITests.xctest; sourceTree = BUILT_PRODUCTS_DIR; };
		70D483A025A46C3000FC49C6 /* FeedlyAppUITests.swift */ = {isa = PBXFileReference; lastKnownFileType = sourcecode.swift; path = FeedlyAppUITests.swift; sourceTree = "<group>"; };
		70D483A225A46C3000FC49C6 /* Info.plist */ = {isa = PBXFileReference; lastKnownFileType = text.plist.xml; path = Info.plist; sourceTree = "<group>"; };
/* End PBXFileReference section */

/* Begin PBXFrameworksBuildPhase section */
		70D4837825A46C2F00FC49C6 /* Frameworks */ = {
			isa = PBXFrameworksBuildPhase;
			buildActionMask = 2147483647;
			files = (
			);
			runOnlyForDeploymentPostprocessing = 0;
		};
		70D4838E25A46C3000FC49C6 /* Frameworks */ = {
			isa = PBXFrameworksBuildPhase;
			buildActionMask = 2147483647;
			files = (
			);
			runOnlyForDeploymentPostprocessing = 0;
		};
		70D4839925A46C3000FC49C6 /* Frameworks */ = {
			isa = PBXFrameworksBuildPhase;
			buildActionMask = 2147483647;
			files = (
			);
			runOnlyForDeploymentPostprocessing = 0;
		};
/* End PBXFrameworksBuildPhase section */

/* Begin PBXGroup section */
		70D4837225A46C2F00FC49C6 = {
			isa = PBXGroup;
			children = (
				70D4837D25A46C2F00FC49C6 /* FeedlyApp */,
				70D4839425A46C3000FC49C6 /* FeedlyAppTests */,
				70D4839F25A46C3000FC49C6 /* FeedlyAppUITests */,
				70D4837C25A46C2F00FC49C6 /* Products */,
			);
			sourceTree = "<group>";
		};
		70D4837C25A46C2F00FC49C6 /* Products */ = {
			isa = PBXGroup;
			children = (
				70D4837B25A46C2F00FC49C6 /* FeedlyApp.app */,
				70D4839125A46C3000FC49C6 /* FeedlyAppTests.xctest */,
				70D4839C25A46C3000FC49C6 /* FeedlyAppUITests.xctest */,
			);
			name = Products;
			sourceTree = "<group>";
		};
		70D4837D25A46C2F00FC49C6 /* FeedlyApp */ = {
			isa = PBXGroup;
			children = (
				70D4837E25A46C2F00FC49C6 /* AppDelegate.swift */,
				70D4838025A46C2F00FC49C6 /* SceneDelegate.swift */,
				70D4838225A46C2F00FC49C6 /* ViewController.swift */,
				70D4838425A46C2F00FC49C6 /* Main.storyboard */,
				70D4838725A46C3000FC49C6 /* Assets.xcassets */,
				70D4838925A46C3000FC49C6 /* LaunchScreen.storyboard */,
				70D4838C25A46C3000FC49C6 /* Info.plist */,
				7018853C25A46E22005E5BE8 /* FeedlyClient.swift */,
			);
			path = FeedlyApp;
			sourceTree = "<group>";
		};
		70D4839425A46C3000FC49C6 /* FeedlyAppTests */ = {
			isa = PBXGroup;
			children = (
				70D4839525A46C3000FC49C6 /* FeedlyAppTests.swift */,
				70D4839725A46C3000FC49C6 /* Info.plist */,
			);
			path = FeedlyAppTests;
			sourceTree = "<group>";
		};
		70D4839F25A46C3000FC49C6 /* FeedlyAppUITests */ = {
			isa = PBXGroup;
			children = (
				70D483A025A46C3000FC49C6 /* FeedlyAppUITests.swift */,
				70D483A225A46C3000FC49C6 /* Info.plist */,
			);
			path = FeedlyAppUITests;
			sourceTree = "<group>";
		};
/* End PBXGroup section */

/* Begin PBXNativeTarget section */
		70D4837A25A46C2F00FC49C6 /* FeedlyApp */ = {
			isa = PBXNativeTarget;
			buildConfigurationList = 70D483A525A46C3000FC49C6 /* Build configuration list for PBXNativeTarget "FeedlyApp" */;
			buildPhases = (
				70D4837725A46C2F00FC49C6 /* Sources */,
				70D4837825A46C2F00FC49C6 /* Frameworks */,
				70D4837925A46C2F00FC49C6 /* Resources */,
			);
			buildRules = (
			);
			dependencies = (
			);
			name = FeedlyApp;
			productName = FeedlyApp;
			productReference = 70D4837B25A46C2F00FC49C6 /* FeedlyApp.app */;
			productType = "com.apple.product-type.application";
		};
		70D4839025A46C3000FC49C6 /* FeedlyAppTests */ = {
			isa = PBXNativeTarget;
			buildConfigurationList = 70D483A825A46C3000FC49C6 /* Build configuration list for PBXNativeTarget "FeedlyAppTests" */;
			buildPhases = (
				70D4838D25A46C3000FC49C6 /* Sources */,
				70D4838E25A46C3000FC49C6 /* Frameworks */,
				70D4838F25A46C3000FC49C6 /* Resources */,
			);
			buildRules = (
			);
			dependencies = (
				70D4839325A46C3000FC49C6 /* PBXTargetDependency */,
			);
			name = FeedlyAppTests;
			productName = FeedlyAppTests;
			productReference = 70D4839125A46C3000FC49C6 /* FeedlyAppTests.xctest */;
			productType = "com.apple.product-type.bundle.unit-test";
		};
		70D4839B25A46C3000FC49C6 /* FeedlyAppUITests */ = {
			isa = PBXNativeTarget;
			buildConfigurationList = 70D483AB25A46C3000FC49C6 /* Build configuration list for PBXNativeTarget "FeedlyAppUITests" */;
			buildPhases = (
				70D4839825A46C3000FC49C6 /* Sources */,
				70D4839925A46C3000FC49C6 /* Frameworks */,
				70D4839A25A46C3000FC49C6 /* Resources */,
			);
			buildRules = (
			);
			dependencies = (
				70D4839E25A46C3000FC49C6 /* PBXTargetDependency */,
			);
			name = FeedlyAppUITests;
			productName = FeedlyAppUITests;
			productReference = 70D4839C25A46C3000FC49C6 /* FeedlyAppUITests.xctest */;
			productType = "com.apple.product-type.bundle.ui-testing";
		};
/* End PBXNativeTarget section */

/* Begin PBXProject section */
		70D4837325A46C2F00FC49C6 /* Project object */ = {
			isa = PBXProject;
			attributes = {
				LastSwiftUpdateCheck = 1230;
				LastUpgradeCheck = 1230;
				TargetAttributes = {
					70D4837A25A46C2F00FC49C6 = {
						CreatedOnToolsVersion = 12.3;
					};
					70D4839025A46C3000FC49C6 = {
						CreatedOnToolsVersion = 12.3;
						TestTargetID = 70D4837A25A46C2F00FC49C6;
					};
					70D4839B25A46C3000FC49C6 = {
						CreatedOnToolsVersion = 12.3;
						TestTargetID = 70D4837A25A46C2F00FC49C6;
					};
				};
			};
			buildConfigurationList = 70D4837625A46C2F00FC49C6 /* Build configuration list for PBXProject "FeedlyApp" */;
			compatibilityVersion = "Xcode 9.3";
			developmentRegion = en;
			hasScannedForEncodings = 0;
			knownRegions = (
				en,
				Base,
			);
			mainGroup = 70D4837225A46C2F00FC49C6;
			productRefGroup = 70D4837C25A46C2F00FC49C6 /* Products */;
			projectDirPath = "";
			projectRoot = "";
			targets = (
				70D4837A25A46C2F00FC49C6 /* FeedlyApp */,
				70D4839025A46C3000FC49C6 /* FeedlyAppTests */,
				70D4839B25A46C3000FC49C6 /* FeedlyAppUITests */,
			);
		};
/* End PBXProject section */

/* Begin PBXResourcesBuildPhase section */
		70D4837925A46C2F00FC49C6 /* Resources */ = {
			isa = PBXResourcesBuildPhase;
			buildActionMask = 2147483647;
			files = (
				70D4838B25A46C3000FC49C6 /* LaunchScreen.storyboard in Resources */,
				70D4838825A46C3000FC49C6 /* Assets.xcassets in Resources */,
				70D4838625A46C2F00FC49C6 /* Main.storyboard in Resources */,
			);
			runOnlyForDeploymentPostprocessing = 0;
		};
		70D4838F25A46C3000FC49C6 /* Resources */ = {
			isa = PBXResourcesBuildPhase;
			buildActionMask = 2147483647;
			files = (
			);
			runOnlyForDeploymentPostprocessing = 0;
		};
		70D4839A25A46C3000FC49C6 /* Resources */ = {
			isa = PBXResourcesBuildPhase;
			buildActionMask = 2147483647;
			files = (
			);
			runOnlyForDeploymentPostprocessing = 0;
		};
/* End PBXResourcesBuildPhase section */

/* Begin PBXSourcesBuildPhase section */
		70D4837725A46C2F00FC49C6 /* Sources */ = {
			isa = PBXSourcesBuildPhase;
			buildActionMask = 2147483647;
			files = (
				70D4838325A46C2F00FC49C6 /* ViewController.swift in Sources */,
				7018853D25A46E22005E5BE8 /* FeedlyClient.swift in Sources */,
				70D4837F25A46C2F00FC49C6 /* AppDelegate.swift in Sources */,
				70D4838125A46C2F00FC49C6 /* SceneDelegate.swift in Sources */,
			);
			runOnlyForDeploymentPostprocessing = 0;
		};
		70D4838D25A46C3000FC49C6 /* Sources */ = {
			isa = PBXSourcesBuildPhase;
			buildActionMask = 2147483647;
			files = (
				70D4839625A46C3000FC49C6 /* FeedlyAppTests.swift in Sources */,
			);
			runOnlyForDeploymentPostprocessing = 0;
		};
		70D4839825A46C3000FC49C6 /* Sources */ = {
			isa = PBXSourcesBuildPhase;
			buildActionMask = 2147483647;
			files = (
				70D483A125A46C3000FC49C6 /* FeedlyAppUITests.swift in Sources */,
			);
			runOnlyForDeploymentPostprocessing = 0;
		};
/* End PBXSourcesBuildPhase section */

/* Begin PBXTargetDependency section */
		70D4839325A46C3000FC49C6 /* PBXTargetDependency */ = {
			isa = PBXTargetDependency;
			target = 70D4837A25A46C2F00FC49C6 /* FeedlyApp */;
			targetProxy = 70D4839225A46C3000FC49C6 /* PBXContainerItemProxy */;
		};
		70D4839E25A46C3000FC49C6 /* PBXTargetDependency */ = {
			isa = PBXTargetDependency;
			target = 70D4837A25A46C2F00FC49C6 /* FeedlyApp */;
			targetProxy = 70D4839D25A46C3000FC49C6 /* PBXContainerItemProxy */;
		};
/* End PBXTargetDependency section */

/* Begin PBXVariantGroup section */
		70D4838425A46C2F00FC49C6 /* Main.storyboard */ = {
			isa = PBXVariantGroup;
			children = (
				70D4838525A46C2F00FC49C6 /* Base */,
			);
			name = Main.storyboard;
			sourceTree = "<group>";
		};
		70D4838925A46C3000FC49C6 /* LaunchScreen.storyboard */ = {
			isa = PBXVariantGroup;
			children = (
				70D4838A25A46C3000FC49C6 /* Base */,
			);
			name = LaunchScreen.storyboard;
			sourceTree = "<group>";
		};
/* End PBXVariantGroup section */

/* Begin XCBuildConfiguration section */
		70D483A325A46C3000FC49C6 /* Debug */ = {
			isa = XCBuildConfiguration;
			buildSettings = {
				ALWAYS_SEARCH_USER_PATHS = NO;
				CLANG_ANALYZER_NONNULL = YES;
				CLANG_ANALYZER_NUMBER_OBJECT_CONVERSION = YES_AGGRESSIVE;
				CLANG_CXX_LANGUAGE_STANDARD = "gnu++14";
				CLANG_CXX_LIBRARY = "libc++";
				CLANG_ENABLE_MODULES = YES;
				CLANG_ENABLE_OBJC_ARC = YES;
				CLANG_ENABLE_OBJC_WEAK = YES;
				CLANG_WARN_BLOCK_CAPTURE_AUTORELEASING = YES;
				CLANG_WARN_BOOL_CONVERSION = YES;
				CLANG_WARN_COMMA = YES;
				CLANG_WARN_CONSTANT_CONVERSION = YES;
				CLANG_WARN_DEPRECATED_OBJC_IMPLEMENTATIONS = YES;
				CLANG_WARN_DIRECT_OBJC_ISA_USAGE = YES_ERROR;
				CLANG_WARN_DOCUMENTATION_COMMENTS = YES;
				CLANG_WARN_EMPTY_BODY = YES;
				CLANG_WARN_ENUM_CONVERSION = YES;
				CLANG_WARN_INFINITE_RECURSION = YES;
				CLANG_WARN_INT_CONVERSION = YES;
				CLANG_WARN_NON_LITERAL_NULL_CONVERSION = YES;
				CLANG_WARN_OBJC_IMPLICIT_RETAIN_SELF = YES;
				CLANG_WARN_OBJC_LITERAL_CONVERSION = YES;
				CLANG_WARN_OBJC_ROOT_CLASS = YES_ERROR;
				CLANG_WARN_QUOTED_INCLUDE_IN_FRAMEWORK_HEADER = YES;
				CLANG_WARN_RANGE_LOOP_ANALYSIS = YES;
				CLANG_WARN_STRICT_PROTOTYPES = YES;
				CLANG_WARN_SUSPICIOUS_MOVE = YES;
				CLANG_WARN_UNGUARDED_AVAILABILITY = YES_AGGRESSIVE;
				CLANG_WARN_UNREACHABLE_CODE = YES;
				CLANG_WARN__DUPLICATE_METHOD_MATCH = YES;
				COPY_PHASE_STRIP = NO;
				DEBUG_INFORMATION_FORMAT = dwarf;
				ENABLE_STRICT_OBJC_MSGSEND = YES;
				ENABLE_TESTABILITY = YES;
				GCC_C_LANGUAGE_STANDARD = gnu11;
				GCC_DYNAMIC_NO_PIC = NO;
				GCC_NO_COMMON_BLOCKS = YES;
				GCC_OPTIMIZATION_LEVEL = 0;
				GCC_PREPROCESSOR_DEFINITIONS = (
					"DEBUG=1",
					"$(inherited)",
				);
				GCC_WARN_64_TO_32_BIT_CONVERSION = YES;
				GCC_WARN_ABOUT_RETURN_TYPE = YES_ERROR;
				GCC_WARN_UNDECLARED_SELECTOR = YES;
				GCC_WARN_UNINITIALIZED_AUTOS = YES_AGGRESSIVE;
				GCC_WARN_UNUSED_FUNCTION = YES;
				GCC_WARN_UNUSED_VARIABLE = YES;
				IPHONEOS_DEPLOYMENT_TARGET = 14.3;
				MTL_ENABLE_DEBUG_INFO = INCLUDE_SOURCE;
				MTL_FAST_MATH = YES;
				ONLY_ACTIVE_ARCH = YES;
				SDKROOT = iphoneos;
				SWIFT_ACTIVE_COMPILATION_CONDITIONS = DEBUG;
				SWIFT_OPTIMIZATION_LEVEL = "-Onone";
			};
			name = Debug;
		};
		70D483A425A46C3000FC49C6 /* Release */ = {
			isa = XCBuildConfiguration;
			buildSettings = {
				ALWAYS_SEARCH_USER_PATHS = NO;
				CLANG_ANALYZER_NONNULL = YES;
				CLANG_ANALYZER_NUMBER_OBJECT_CONVERSION = YES_AGGRESSIVE;
				CLANG_CXX_LANGUAGE_STANDARD = "gnu++14";
				CLANG_CXX_LIBRARY = "libc++";
				CLANG_ENABLE_MODULES = YES;
				CLANG_ENABLE_OBJC_ARC = YES;
				CLANG_ENABLE_OBJC_WEAK = YES;
				CLANG_WARN_BLOCK_CAPTURE_AUTORELEASING = YES;
				CLANG_WARN_BOOL_CONVERSION = YES;
				CLANG_WARN_COMMA = YES;
				CLANG_WARN_CONSTANT_CONVERSION = YES;
				CLANG_WARN_DEPRECATED_OBJC_IMPLEMENTATIONS = YES;
				CLANG_WARN_DIRECT_OBJC_ISA_USAGE = YES_ERROR;
				CLANG_WARN_DOCUMENTATION_COMMENTS = YES;
				CLANG_WARN_EMPTY_BODY = YES;
				CLANG_WARN_ENUM_CONVERSION = YES;
				CLANG_WARN_INFINITE_RECURSION = YES;
				CLANG_WARN_INT_CONVERSION = YES;
				CLANG_WARN_NON_LITERAL_NULL_CONVERSION = YES;
				CLANG_WARN_OBJC_IMPLICIT_RETAIN_SELF = YES;
				CLANG_WARN_OBJC_LITERAL_CONVERSION = YES;
				CLANG_WARN_OBJC_ROOT_CLASS = YES_ERROR;
				CLANG_WARN_QUOTED_INCLUDE_IN_FRAMEWORK_HEADER = YES;
				CLANG_WARN_RANGE_LOOP_ANALYSIS = YES;
				CLANG_WARN_STRICT_PROTOTYPES = YES;
				CLANG_WARN_SUSPICIOUS_MOVE = YES;
				CLANG_WARN_UNGUARDED_AVAILABILITY = YES_AGGRESSIVE;
				CLANG_WARN_UNREACHABLE_CODE = YES;
				CLANG_WARN__DUPLICATE_METHOD_MATCH = YES;
				COPY_PHASE_STRIP = NO;
				DEBUG_INFORMATION_FORMAT = "dwarf-with-dsym";
				ENABLE_NS_ASSERTIONS = NO;
				ENABLE_STRICT_OBJC_MSGSEND = YES;
				GCC_C_LANGUAGE_STANDARD = gnu11;
				GCC_NO_COMMON_BLOCKS = YES;
				GCC_WARN_64_TO_32_BIT_CONVERSION = YES;
				GCC_WARN_ABOUT_RETURN_TYPE = YES_ERROR;
				GCC_WARN_UNDECLARED_SELECTOR = YES;
				GCC_WARN_UNINITIALIZED_AUTOS = YES_AGGRESSIVE;
				GCC_WARN_UNUSED_FUNCTION = YES;
				GCC_WARN_UNUSED_VARIABLE = YES;
				IPHONEOS_DEPLOYMENT_TARGET = 14.3;
				MTL_ENABLE_DEBUG_INFO = NO;
				MTL_FAST_MATH = YES;
				SDKROOT = iphoneos;
				SWIFT_COMPILATION_MODE = wholemodule;
				SWIFT_OPTIMIZATION_LEVEL = "-O";
				VALIDATE_PRODUCT = YES;
			};
			name = Release;
		};
		70D483A625A46C3000FC49C6 /* Debug */ = {
			isa = XCBuildConfiguration;
			buildSettings = {
				ASSETCATALOG_COMPILER_APPICON_NAME = AppIcon;
				ASSETCATALOG_COMPILER_GLOBAL_ACCENT_COLOR_NAME = AccentColor;
				CODE_SIGN_IDENTITY = "iPhone Developer";
				CODE_SIGN_STYLE = Manual;
				DEVELOPMENT_TEAM = KHFXF6N2QE;
				INFOPLIST_FILE = FeedlyApp/Info.plist;
				LD_RUNPATH_SEARCH_PATHS = (
					"$(inherited)",
					"@executable_path/Frameworks",
				);
				PRODUCT_BUNDLE_IDENTIFIER = cloud.yusuke.ios.feedlyapp;
				PRODUCT_NAME = "$(TARGET_NAME)";
				PROVISIONING_PROFILE_SPECIFIER = "FeedlyApp Debug";
				SWIFT_VERSION = 5.0;
				TARGETED_DEVICE_FAMILY = "1,2";
			};
			name = Debug;
		};
		70D483A725A46C3000FC49C6 /* Release */ = {
			isa = XCBuildConfiguration;
			buildSettings = {
				ASSETCATALOG_COMPILER_APPICON_NAME = AppIcon;
				ASSETCATALOG_COMPILER_GLOBAL_ACCENT_COLOR_NAME = AccentColor;
				CODE_SIGN_IDENTITY = "iPhone Distribution";
				CODE_SIGN_STYLE = Manual;
				DEVELOPMENT_TEAM = KHFXF6N2QE;
				INFOPLIST_FILE = FeedlyApp/Info.plist;
				LD_RUNPATH_SEARCH_PATHS = (
					"$(inherited)",
					"@executable_path/Frameworks",
				);
				PRODUCT_BUNDLE_IDENTIFIER = cloud.yusuke.ios.feedlyapp;
				PRODUCT_NAME = "$(TARGET_NAME)";
				PROVISIONING_PROFILE_SPECIFIER = "Feedly App Distribution";
				SWIFT_VERSION = 5.0;
				TARGETED_DEVICE_FAMILY = "1,2";
			};
			name = Release;
		};
		70D483A925A46C3000FC49C6 /* Debug */ = {
			isa = XCBuildConfiguration;
			buildSettings = {
				ALWAYS_EMBED_SWIFT_STANDARD_LIBRARIES = YES;
				BUNDLE_LOADER = "$(TEST_HOST)";
				CODE_SIGN_STYLE = Automatic;
				DEVELOPMENT_TEAM = KHFXF6N2QE;
				INFOPLIST_FILE = FeedlyAppTests/Info.plist;
				IPHONEOS_DEPLOYMENT_TARGET = 14.3;
				LD_RUNPATH_SEARCH_PATHS = (
					"$(inherited)",
					"@executable_path/Frameworks",
					"@loader_path/Frameworks",
				);
				PRODUCT_BUNDLE_IDENTIFIER = cloud.yusuke.ios.FeedlyAppTests;
				PRODUCT_NAME = "$(TARGET_NAME)";
				SWIFT_VERSION = 5.0;
				TARGETED_DEVICE_FAMILY = "1,2";
				TEST_HOST = "$(BUILT_PRODUCTS_DIR)/FeedlyApp.app/FeedlyApp";
			};
			name = Debug;
		};
		70D483AA25A46C3000FC49C6 /* Release */ = {
			isa = XCBuildConfiguration;
			buildSettings = {
				ALWAYS_EMBED_SWIFT_STANDARD_LIBRARIES = YES;
				BUNDLE_LOADER = "$(TEST_HOST)";
				CODE_SIGN_STYLE = Automatic;
				DEVELOPMENT_TEAM = KHFXF6N2QE;
				INFOPLIST_FILE = FeedlyAppTests/Info.plist;
				IPHONEOS_DEPLOYMENT_TARGET = 14.3;
				LD_RUNPATH_SEARCH_PATHS = (
					"$(inherited)",
					"@executable_path/Frameworks",
					"@loader_path/Frameworks",
				);
				PRODUCT_BUNDLE_IDENTIFIER = cloud.yusuke.ios.FeedlyAppTests;
				PRODUCT_NAME = "$(TARGET_NAME)";
				SWIFT_VERSION = 5.0;
				TARGETED_DEVICE_FAMILY = "1,2";
				TEST_HOST = "$(BUILT_PRODUCTS_DIR)/FeedlyApp.app/FeedlyApp";
			};
			name = Release;
		};
		70D483AC25A46C3000FC49C6 /* Debug */ = {
			isa = XCBuildConfiguration;
			buildSettings = {
				ALWAYS_EMBED_SWIFT_STANDARD_LIBRARIES = YES;
				CODE_SIGN_STYLE = Automatic;
				DEVELOPMENT_TEAM = KHFXF6N2QE;
				INFOPLIST_FILE = FeedlyAppUITests/Info.plist;
				LD_RUNPATH_SEARCH_PATHS = (
					"$(inherited)",
					"@executable_path/Frameworks",
					"@loader_path/Frameworks",
				);
				PRODUCT_BUNDLE_IDENTIFIER = cloud.yusuke.ios.FeedlyAppUITests;
				PRODUCT_NAME = "$(TARGET_NAME)";
				SWIFT_VERSION = 5.0;
				TARGETED_DEVICE_FAMILY = "1,2";
				TEST_TARGET_NAME = FeedlyApp;
			};
			name = Debug;
		};
		70D483AD25A46C3000FC49C6 /* Release */ = {
			isa = XCBuildConfiguration;
			buildSettings = {
				ALWAYS_EMBED_SWIFT_STANDARD_LIBRARIES = YES;
				CODE_SIGN_STYLE = Automatic;
				DEVELOPMENT_TEAM = KHFXF6N2QE;
				INFOPLIST_FILE = FeedlyAppUITests/Info.plist;
				LD_RUNPATH_SEARCH_PATHS = (
					"$(inherited)",
					"@executable_path/Frameworks",
					"@loader_path/Frameworks",
				);
				PRODUCT_BUNDLE_IDENTIFIER = cloud.yusuke.ios.FeedlyAppUITests;
				PRODUCT_NAME = "$(TARGET_NAME)";
				SWIFT_VERSION = 5.0;
				TARGETED_DEVICE_FAMILY = "1,2";
				TEST_TARGET_NAME = FeedlyApp;
			};
			name = Release;
		};
/* End XCBuildConfiguration section */

/* Begin XCConfigurationList section */
		70D4837625A46C2F00FC49C6 /* Build configuration list for PBXProject "FeedlyApp" */ = {
			isa = XCConfigurationList;
			buildConfigurations = (
				70D483A325A46C3000FC49C6 /* Debug */,
				70D483A425A46C3000FC49C6 /* Release */,
			);
			defaultConfigurationIsVisible = 0;
			defaultConfigurationName = Release;
		};
		70D483A525A46C3000FC49C6 /* Build configuration list for PBXNativeTarget "FeedlyApp" */ = {
			isa = XCConfigurationList;
			buildConfigurations = (
				70D483A625A46C3000FC49C6 /* Debug */,
				70D483A725A46C3000FC49C6 /* Release */,
			);
			defaultConfigurationIsVisible = 0;
			defaultConfigurationName = Release;
		};
		70D483A825A46C3000FC49C6 /* Build configuration list for PBXNativeTarget "FeedlyAppTests" */ = {
			isa = XCConfigurationList;
			buildConfigurations = (
				70D483A925A46C3000FC49C6 /* Debug */,
				70D483AA25A46C3000FC49C6 /* Release */,
			);
			defaultConfigurationIsVisible = 0;
			defaultConfigurationName = Release;
		};
		70D483AB25A46C3000FC49C6 /* Build configuration list for PBXNativeTarget "FeedlyAppUITests" */ = {
			isa = XCConfigurationList;
			buildConfigurations = (
				70D483AC25A46C3000FC49C6 /* Debug */,
				70D483AD25A46C3000FC49C6 /* Release */,
			);
			defaultConfigurationIsVisible = 0;
			defaultConfigurationName = Release;
		};
/* End XCConfigurationList section */
	};
	rootObject = 70D4837325A46C2F00FC49C6 /* Project object */;
}
